
Microsoft Visual Studio Solution File, Format Version 12.00
# Visual Studio 14
VisualStudioVersion = 14.0.25420.1
MinimumVisualStudioVersion = 10.0.40219.1
Project("{FAE04EC0-301F-11D3-BF4B-00C04F79EFBC}") = "RefugeeCamp.Domaine", "RefugeeCamp.Domaine\RefugeeCamp.Domaine.csproj", "{98FD2AFF-6D5D-42BE-89AA-9652051C2A86}"
EndProject
Project("{FAE04EC0-301F-11D3-BF4B-00C04F79EFBC}") = "RefugeeCamp.Data", "RefugeeCamp.Data\RefugeeCamp.Data.csproj", "{90D2E83D-53FF-473F-994D-A2AFFC32EF29}"
EndProject
Project("{FAE04EC0-301F-11D3-BF4B-00C04F79EFBC}") = "RefugeeCamp.Service", "RefugeeCamp.Service\RefugeeCamp.Service.csproj", "{4E21B1BB-86FC-4BCE-838A-D7BED926790B}"
EndProject
Project("{FAE04EC0-301F-11D3-BF4B-00C04F79EFBC}") = "RefugeeCamp.Web", "RefugeeCamp.Web\RefugeeCamp.Web.csproj", "{B10F6DC7-1947-4800-B239-7DEC2728274D}"
EndProject
Global
	GlobalSection(SolutionConfigurationPlatforms) = preSolution
		Debug|Any CPU = Debug|Any CPU
		Release|Any CPU = Release|Any CPU
	EndGlobalSection
	GlobalSection(ProjectConfigurationPlatforms) = postSolution
		{98FD2AFF-6D5D-42BE-89AA-9652051C2A86}.Debug|Any CPU.ActiveCfg = Debug|Any CPU
		{98FD2AFF-6D5D-42BE-89AA-9652051C2A86}.Debug|Any CPU.Build.0 = Debug|Any CPU
		{98FD2AFF-6D5D-42BE-89AA-9652051C2A86}.Release|Any CPU.ActiveCfg = Release|Any CPU
		{98FD2AFF-6D5D-42BE-89AA-9652051C2A86}.Release|Any CPU.Build.0 = Release|Any CPU
		{90D2E83D-53FF-473F-994D-A2AFFC32EF29}.Debug|Any CPU.ActiveCfg = Debug|Any CPU
		{90D2E83D-53FF-473F-994D-A2AFFC32EF29}.Debug|Any CPU.Build.0 = Debug|Any CPU
		{90D2E83D-53FF-473F-994D-A2AFFC32EF29}.Release|Any CPU.ActiveCfg = Release|Any CPU
		{90D2E83D-53FF-473F-994D-A2AFFC32EF29}.Release|Any CPU.Build.0 = Release|Any CPU
		{4E21B1BB-86FC-4BCE-838A-D7BED926790B}.Debug|Any CPU.ActiveCfg = Debug|Any CPU
		{4E21B1BB-86FC-4BCE-838A-D7BED926790B}.Debug|Any CPU.Build.0 = Debug|Any CPU
		{4E21B1BB-86FC-4BCE-838A-D7BED926790B}.Release|Any CPU.ActiveCfg = Release|Any CPU
		{4E21B1BB-86FC-4BCE-838A-D7BED926790B}.Release|Any CPU.Build.0 = Release|Any CPU
		{B10F6DC7-1947-4800-B239-7DEC2728274D}.Debug|Any CPU.ActiveCfg = Debug|Any CPU
		{B10F6DC7-1947-4800-B239-7DEC2728274D}.Debug|Any CPU.Build.0 = Debug|Any CPU
		{B10F6DC7-1947-4800-B239-7DEC2728274D}.Release|Any CPU.ActiveCfg = Release|Any CPU
		{B10F6DC7-1947-4800-B239-7DEC2728274D}.Release|Any CPU.Build.0 = Release|Any CPU
	EndGlobalSection
	GlobalSection(SolutionProperties) = preSolution
		HideSolutionNode = FALSE
	EndGlobalSection
EndGlobal
